// !$*UTF8*$!
{
	archiveVersion = 1;
	classes = {
	};
	objectVersion = 56;
	objects = {

/* Begin PBXBuildFile section */
		875A3FA92A8876E100F4C2DD /* gitignore.txt in Resources */ = {isa = PBXBuildFile; fileRef = 875A3FA82A8876E100F4C2DD /* gitignore.txt */; };
		87ABD29A2A866512001A4E9E /* AppDelegate.swift in Sources */ = {isa = PBXBuildFile; fileRef = 87ABD2992A866512001A4E9E /* AppDelegate.swift */; };
		87ABD29C2A866512001A4E9E /* SceneDelegate.swift in Sources */ = {isa = PBXBuildFile; fileRef = 87ABD29B2A866512001A4E9E /* SceneDelegate.swift */; };
		87ABD29E2A866512001A4E9E /* ViewController.swift in Sources */ = {isa = PBXBuildFile; fileRef = 87ABD29D2A866512001A4E9E /* ViewController.swift */; };
		87ABD2A12A866512001A4E9E /* Main.storyboard in Resources */ = {isa = PBXBuildFile; fileRef = 87ABD29F2A866512001A4E9E /* Main.storyboard */; };
		87ABD2A32A866513001A4E9E /* Assets.xcassets in Resources */ = {isa = PBXBuildFile; fileRef = 87ABD2A22A866513001A4E9E /* Assets.xcassets */; };
		87ABD2A62A866513001A4E9E /* LaunchScreen.storyboard in Resources */ = {isa = PBXBuildFile; fileRef = 87ABD2A42A866513001A4E9E /* LaunchScreen.storyboard */; };
		87ABD2B42A8665C6001A4E9E /* Colors.xcassets in Resources */ = {isa = PBXBuildFile; fileRef = 87ABD2B32A8665C6001A4E9E /* Colors.xcassets */; };
		87CB00BB2A87798700738561 /* Question.swift in Sources */ = {isa = PBXBuildFile; fileRef = 87CB00BA2A87798700738561 /* Question.swift */; };
		87CB00C02A87AC9F00738561 /* QuizBrain.swift in Sources */ = {isa = PBXBuildFile; fileRef = 87CB00BF2A87AC9F00738561 /* QuizBrain.swift */; };
/* End PBXBuildFile section */

/* Begin PBXFileReference section */
		875A3FA82A8876E100F4C2DD /* gitignore.txt */ = {isa = PBXFileReference; fileEncoding = 4; lastKnownFileType = text; path = gitignore.txt; sourceTree = "<group>"; };
		87ABD2962A866512001A4E9E /* Quiz App.app */ = {isa = PBXFileReference; explicitFileType = wrapper.application; includeInIndex = 0; path = "Quiz App.app"; sourceTree = BUILT_PRODUCTS_DIR; };
		87ABD2992A866512001A4E9E /* AppDelegate.swift */ = {isa = PBXFileReference; lastKnownFileType = sourcecode.swift; path = AppDelegate.swift; sourceTree = "<group>"; };
		87ABD29B2A866512001A4E9E /* SceneDelegate.swift */ = {isa = PBXFileReference; lastKnownFileType = sourcecode.swift; path = SceneDelegate.swift; sourceTree = "<group>"; };
		87ABD29D2A866512001A4E9E /* ViewController.swift */ = {isa = PBXFileReference; lastKnownFileType = sourcecode.swift; path = ViewController.swift; sourceTree = "<group>"; };
		87ABD2A02A866512001A4E9E /* Base */ = {isa = PBXFileReference; lastKnownFileType = file.storyboard; name = Base; path = Base.lproj/Main.storyboard; sourceTree = "<group>"; };
		87ABD2A22A866513001A4E9E /* Assets.xcassets */ = {isa = PBXFileReference; lastKnownFileType = folder.assetcatalog; path = Assets.xcassets; sourceTree = "<group>"; };
		87ABD2A52A866513001A4E9E /* Base */ = {isa = PBXFileReference; lastKnownFileType = file.storyboard; name = Base; path = Base.lproj/LaunchScreen.storyboard; sourceTree = "<group>"; };
		87ABD2A72A866513001A4E9E /* Info.plist */ = {isa = PBXFileReference; lastKnownFileType = text.plist.xml; path = Info.plist; sourceTree = "<group>"; };
		87ABD2B32A8665C6001A4E9E /* Colors.xcassets */ = {isa = PBXFileReference; lastKnownFileType = folder.assetcatalog; path = Colors.xcassets; sourceTree = "<group>"; };
		87CB00BA2A87798700738561 /* Question.swift */ = {isa = PBXFileReference; lastKnownFileType = sourcecode.swift; path = Question.swift; sourceTree = "<group>"; };
		87CB00BF2A87AC9F00738561 /* QuizBrain.swift */ = {isa = PBXFileReference; lastKnownFileType = sourcecode.swift; path = QuizBrain.swift; sourceTree = "<group>"; };
/* End PBXFileReference section */

/* Begin PBXFrameworksBuildPhase section */
		87ABD2932A866512001A4E9E /* Frameworks */ = {
			isa = PBXFrameworksBuildPhase;
			buildActionMask = 2147483647;
			files = (
			);
			runOnlyForDeploymentPostprocessing = 0;
		};
/* End PBXFrameworksBuildPhase section */

/* Begin PBXGroup section */
		8733CECC2A8879CB00255170 /* Model */ = {
			isa = PBXGroup;
			children = (
				87CB00BA2A87798700738561 /* Question.swift */,
				87CB00BF2A87AC9F00738561 /* QuizBrain.swift */,
			);
			path = Model;
			sourceTree = "<group>";
		};
		87ABD28D2A866512001A4E9E = {
			isa = PBXGroup;
			children = (
				875A3FA82A8876E100F4C2DD /* gitignore.txt */,
				87ABD2982A866512001A4E9E /* Quiz App */,
				87ABD2972A866512001A4E9E /* Products */,
			);
			sourceTree = "<group>";
		};
		87ABD2972A866512001A4E9E /* Products */ = {
			isa = PBXGroup;
			children = (
				87ABD2962A866512001A4E9E /* Quiz App.app */,
			);
			name = Products;
			sourceTree = "<group>";
		};
		87ABD2982A866512001A4E9E /* Quiz App */ = {
			isa = PBXGroup;
			children = (
				87ABD2992A866512001A4E9E /* AppDelegate.swift */,
				87ABD29B2A866512001A4E9E /* SceneDelegate.swift */,
				8733CECC2A8879CB00255170 /* Model */,
				87CB00BC2A87AC5C00738561 /* View */,
				87CB00BD2A87AC6B00738561 /* Controller */,
				87ABD2B32A8665C6001A4E9E /* Colors.xcassets */,
				87ABD2A22A866513001A4E9E /* Assets.xcassets */,
				87ABD2A42A866513001A4E9E /* LaunchScreen.storyboard */,
				87ABD2A72A866513001A4E9E /* Info.plist */,
			);
			path = "Quiz App";
			sourceTree = "<group>";
		};
		87CB00BC2A87AC5C00738561 /* View */ = {
			isa = PBXGroup;
			children = (
				87ABD29F2A866512001A4E9E /* Main.storyboard */,
			);
			path = View;
			sourceTree = "<group>";
		};
		87CB00BD2A87AC6B00738561 /* Controller */ = {
			isa = PBXGroup;
			children = (
				87ABD29D2A866512001A4E9E /* ViewController.swift */,
			);
			path = Controller;
			sourceTree = "<group>";
		};
/* End PBXGroup section */

/* Begin PBXNativeTarget section */
		87ABD2952A866512001A4E9E /* Quiz App */ = {
			isa = PBXNativeTarget;
			buildConfigurationList = 87ABD2AA2A866513001A4E9E /* Build configuration list for PBXNativeTarget "Quiz App" */;
			buildPhases = (
				87ABD2922A866512001A4E9E /* Sources */,
				87ABD2932A866512001A4E9E /* Frameworks */,
				87ABD2942A866512001A4E9E /* Resources */,
			);
			buildRules = (
			);
			dependencies = (
			);
			name = "Quiz App";
			productName = "Quiz App";
			productReference = 87ABD2962A866512001A4E9E /* Quiz App.app */;
			productType = "com.apple.product-type.application";
		};
/* End PBXNativeTarget section */

/* Begin PBXProject section */
		87ABD28E2A866512001A4E9E /* Project object */ = {
			isa = PBXProject;
			attributes = {
				BuildIndependentTargetsInParallel = 1;
				LastSwiftUpdateCheck = 1430;
				LastUpgradeCheck = 1430;
				TargetAttributes = {
					87ABD2952A866512001A4E9E = {
						CreatedOnToolsVersion = 14.3.1;
					};
				};
			};
			buildConfigurationList = 87ABD2912A866512001A4E9E /* Build configuration list for PBXProject "Quiz App" */;
			compatibilityVersion = "Xcode 14.0";
			developmentRegion = en;
			hasScannedForEncodings = 0;
			knownRegions = (
				en,
				Base,
			);
			mainGroup = 87ABD28D2A866512001A4E9E;
			productRefGroup = 87ABD2972A866512001A4E9E /* Products */;
			projectDirPath = "";
			projectRoot = "";
			targets = (
				87ABD2952A866512001A4E9E /* Quiz App */,
			);
		};
/* End PBXProject section */

/* Begin PBXResourcesBuildPhase section */
		87ABD2942A866512001A4E9E /* Resources */ = {
			isa = PBXResourcesBuildPhase;
			buildActionMask = 2147483647;
			files = (
				87ABD2A62A866513001A4E9E /* LaunchScreen.storyboard in Resources */,
				87ABD2B42A8665C6001A4E9E /* Colors.xcassets in Resources */,
				87ABD2A32A866513001A4E9E /* Assets.xcassets in Resources */,
				87ABD2A12A866512001A4E9E /* Main.storyboard in Resources */,
				875A3FA92A8876E100F4C2DD /* gitignore.txt in Resources */,
			);
			runOnlyForDeploymentPostprocessing = 0;
		};
/* End PBXResourcesBuildPhase section */

/* Begin PBXSourcesBuildPhase section */
		87ABD2922A866512001A4E9E /* Sources */ = {
			isa = PBXSourcesBuildPhase;
			buildActionMask = 2147483647;
			files = (
				87CB00C02A87AC9F00738561 /* QuizBrain.swift in Sources */,
				87ABD29E2A866512001A4E9E /* ViewController.swift in Sources */,
				87CB00BB2A87798700738561 /* Question.swift in Sources */,
				87ABD29A2A866512001A4E9E /* AppDelegate.swift in Sources */,
				87ABD29C2A866512001A4E9E /* SceneDelegate.swift in Sources */,
			);
			runOnlyForDeploymentPostprocessing = 0;
		};
/* End PBXSourcesBuildPhase section */

/* Begin PBXVariantGroup section */
		87ABD29F2A866512001A4E9E /* Main.storyboard */ = {
			isa = PBXVariantGroup;
			children = (
				87ABD2A02A866512001A4E9E /* Base */,
			);
			name = Main.storyboard;
			sourceTree = "<group>";
		};
		87ABD2A42A866513001A4E9E /* LaunchScreen.storyboard */ = {
			isa = PBXVariantGroup;
			children = (
				87ABD2A52A866513001A4E9E /* Base */,
			);
			name = LaunchScreen.storyboard;
			sourceTree = "<group>";
		};
/* End PBXVariantGroup section */

/* Begin XCBuildConfiguration section */
		87ABD2A82A866513001A4E9E /* Debug */ = {
			isa = XCBuildConfiguration;
			buildSettings = {
				ALWAYS_SEARCH_USER_PATHS = NO;
				CLANG_ANALYZER_NONNULL = YES;
				CLANG_ANALYZER_NUMBER_OBJECT_CONVERSION = YES_AGGRESSIVE;
				CLANG_CXX_LANGUAGE_STANDARD = "gnu++20";
				CLANG_ENABLE_MODULES = YES;
				CLANG_ENABLE_OBJC_ARC = YES;
				CLANG_ENABLE_OBJC_WEAK = YES;
				CLANG_WARN_BLOCK_CAPTURE_AUTORELEASING = YES;
				CLANG_WARN_BOOL_CONVERSION = YES;
				CLANG_WARN_COMMA = YES;
				CLANG_WARN_CONSTANT_CONVERSION = YES;
				CLANG_WARN_DEPRECATED_OBJC_IMPLEMENTATIONS = YES;
				CLANG_WARN_DIRECT_OBJC_ISA_USAGE = YES_ERROR;
				CLANG_WARN_DOCUMENTATION_COMMENTS = YES;
				CLANG_WARN_EMPTY_BODY = YES;
				CLANG_WARN_ENUM_CONVERSION = YES;
				CLANG_WARN_INFINITE_RECURSION = YES;
				CLANG_WARN_INT_CONVERSION = YES;
				CLANG_WARN_NON_LITERAL_NULL_CONVERSION = YES;
				CLANG_WARN_OBJC_IMPLICIT_RETAIN_SELF = YES;
				CLANG_WARN_OBJC_LITERAL_CONVERSION = YES;
				CLANG_WARN_OBJC_ROOT_CLASS = YES_ERROR;
				CLANG_WARN_QUOTED_INCLUDE_IN_FRAMEWORK_HEADER = YES;
				CLANG_WARN_RANGE_LOOP_ANALYSIS = YES;
				CLANG_WARN_STRICT_PROTOTYPES = YES;
				CLANG_WARN_SUSPICIOUS_MOVE = YES;
				CLANG_WARN_UNGUARDED_AVAILABILITY = YES_AGGRESSIVE;
				CLANG_WARN_UNREACHABLE_CODE = YES;
				CLANG_WARN__DUPLICATE_METHOD_MATCH = YES;
				COPY_PHASE_STRIP = NO;
				DEBUG_INFORMATION_FORMAT = dwarf;
				ENABLE_STRICT_OBJC_MSGSEND = YES;
				ENABLE_TESTABILITY = YES;
				GCC_C_LANGUAGE_STANDARD = gnu11;
				GCC_DYNAMIC_NO_PIC = NO;
				GCC_NO_COMMON_BLOCKS = YES;
				GCC_OPTIMIZATION_LEVEL = 0;
				GCC_PREPROCESSOR_DEFINITIONS = (
					"DEBUG=1",
					"$(inherited)",
				);
				GCC_WARN_64_TO_32_BIT_CONVERSION = YES;
				GCC_WARN_ABOUT_RETURN_TYPE = YES_ERROR;
				GCC_WARN_UNDECLARED_SELECTOR = YES;
				GCC_WARN_UNINITIALIZED_AUTOS = YES_AGGRESSIVE;
				GCC_WARN_UNUSED_FUNCTION = YES;
				GCC_WARN_UNUSED_VARIABLE = YES;
				IPHONEOS_DEPLOYMENT_TARGET = 16.4;
				MTL_ENABLE_DEBUG_INFO = INCLUDE_SOURCE;
				MTL_FAST_MATH = YES;
				ONLY_ACTIVE_ARCH = YES;
				SDKROOT = iphoneos;
				SWIFT_ACTIVE_COMPILATION_CONDITIONS = DEBUG;
				SWIFT_OPTIMIZATION_LEVEL = "-Onone";
			};
			name = Debug;
		};
		87ABD2A92A866513001A4E9E /* Release */ = {
			isa = XCBuildConfiguration;
			buildSettings = {
				ALWAYS_SEARCH_USER_PATHS = NO;
				CLANG_ANALYZER_NONNULL = YES;
				CLANG_ANALYZER_NUMBER_OBJECT_CONVERSION = YES_AGGRESSIVE;
				CLANG_CXX_LANGUAGE_STANDARD = "gnu++20";
				CLANG_ENABLE_MODULES = YES;
				CLANG_ENABLE_OBJC_ARC = YES;
				CLANG_ENABLE_OBJC_WEAK = YES;
				CLANG_WARN_BLOCK_CAPTURE_AUTORELEASING = YES;
				CLANG_WARN_BOOL_CONVERSION = YES;
				CLANG_WARN_COMMA = YES;
				CLANG_WARN_CONSTANT_CONVERSION = YES;
				CLANG_WARN_DEPRECATED_OBJC_IMPLEMENTATIONS = YES;
				CLANG_WARN_DIRECT_OBJC_ISA_USAGE = YES_ERROR;
				CLANG_WARN_DOCUMENTATION_COMMENTS = YES;
				CLANG_WARN_EMPTY_BODY = YES;
				CLANG_WARN_ENUM_CONVERSION = YES;
				CLANG_WARN_INFINITE_RECURSION = YES;
				CLANG_WARN_INT_CONVERSION = YES;
				CLANG_WARN_NON_LITERAL_NULL_CONVERSION = YES;
				CLANG_WARN_OBJC_IMPLICIT_RETAIN_SELF = YES;
				CLANG_WARN_OBJC_LITERAL_CONVERSION = YES;
				CLANG_WARN_OBJC_ROOT_CLASS = YES_ERROR;
				CLANG_WARN_QUOTED_INCLUDE_IN_FRAMEWORK_HEADER = YES;
				CLANG_WARN_RANGE_LOOP_ANALYSIS = YES;
				CLANG_WARN_STRICT_PROTOTYPES = YES;
				CLANG_WARN_SUSPICIOUS_MOVE = YES;
				CLANG_WARN_UNGUARDED_AVAILABILITY = YES_AGGRESSIVE;
				CLANG_WARN_UNREACHABLE_CODE = YES;
				CLANG_WARN__DUPLICATE_METHOD_MATCH = YES;
				COPY_PHASE_STRIP = NO;
				DEBUG_INFORMATION_FORMAT = "dwarf-with-dsym";
				ENABLE_NS_ASSERTIONS = NO;
				ENABLE_STRICT_OBJC_MSGSEND = YES;
				GCC_C_LANGUAGE_STANDARD = gnu11;
				GCC_NO_COMMON_BLOCKS = YES;
				GCC_WARN_64_TO_32_BIT_CONVERSION = YES;
				GCC_WARN_ABOUT_RETURN_TYPE = YES_ERROR;
				GCC_WARN_UNDECLARED_SELECTOR = YES;
				GCC_WARN_UNINITIALIZED_AUTOS = YES_AGGRESSIVE;
				GCC_WARN_UNUSED_FUNCTION = YES;
				GCC_WARN_UNUSED_VARIABLE = YES;
				IPHONEOS_DEPLOYMENT_TARGET = 16.4;
				MTL_ENABLE_DEBUG_INFO = NO;
				MTL_FAST_MATH = YES;
				SDKROOT = iphoneos;
				SWIFT_COMPILATION_MODE = wholemodule;
				SWIFT_OPTIMIZATION_LEVEL = "-O";
				VALIDATE_PRODUCT = YES;
			};
			name = Release;
		};
		87ABD2AB2A866513001A4E9E /* Debug */ = {
			isa = XCBuildConfiguration;
			buildSettings = {
				ASSETCATALOG_COMPILER_APPICON_NAME = AppIcon;
				ASSETCATALOG_COMPILER_GLOBAL_ACCENT_COLOR_NAME = AccentColor;
				CODE_SIGN_STYLE = Automatic;
				CURRENT_PROJECT_VERSION = 1;
				DEVELOPMENT_TEAM = 84YYW4CF2C;
				GENERATE_INFOPLIST_FILE = YES;
				INFOPLIST_FILE = "Quiz App/Info.plist";
				INFOPLIST_KEY_UIApplicationSupportsIndirectInputEvents = YES;
				INFOPLIST_KEY_UILaunchStoryboardName = LaunchScreen;
				INFOPLIST_KEY_UIMainStoryboardFile = Main;
				INFOPLIST_KEY_UISupportedInterfaceOrientations_iPad = "UIInterfaceOrientationPortrait UIInterfaceOrientationPortraitUpsideDown UIInterfaceOrientationLandscapeLeft UIInterfaceOrientationLandscapeRight";
				INFOPLIST_KEY_UISupportedInterfaceOrientations_iPhone = "UIInterfaceOrientationPortrait UIInterfaceOrientationLandscapeLeft UIInterfaceOrientationLandscapeRight";
				LD_RUNPATH_SEARCH_PATHS = (
					"$(inherited)",
					"@executable_path/Frameworks",
				);
				MARKETING_VERSION = 1.0;
				PRODUCT_BUNDLE_IDENTIFIER = "com.cansuaktas.Quiz-App";
				PRODUCT_NAME = "$(TARGET_NAME)";
				SWIFT_EMIT_LOC_STRINGS = YES;
				SWIFT_VERSION = 5.0;
				TARGETED_DEVICE_FAMILY = "1,2";
			};
			name = Debug;
		};
		87ABD2AC2A866513001A4E9E /* Release */ = {
			isa = XCBuildConfiguration;
			buildSettings = {
				ASSETCATALOG_COMPILER_APPICON_NAME = AppIcon;
				ASSETCATALOG_COMPILER_GLOBAL_ACCENT_COLOR_NAME = AccentColor;
				CODE_SIGN_STYLE = Automatic;
				CURRENT_PROJECT_VERSION = 1;
				DEVELOPMENT_TEAM = 84YYW4CF2C;
				GENERATE_INFOPLIST_FILE = YES;
				INFOPLIST_FILE = "Quiz App/Info.plist";
				INFOPLIST_KEY_UIApplicationSupportsIndirectInputEvents = YES;
				INFOPLIST_KEY_UILaunchStoryboardName = LaunchScreen;
				INFOPLIST_KEY_UIMainStoryboardFile = Main;
				INFOPLIST_KEY_UISupportedInterfaceOrientations_iPad = "UIInterfaceOrientationPortrait UIInterfaceOrientationPortraitUpsideDown UIInterfaceOrientationLandscapeLeft UIInterfaceOrientationLandscapeRight";
				INFOPLIST_KEY_UISupportedInterfaceOrientations_iPhone = "UIInterfaceOrientationPortrait UIInterfaceOrientationLandscapeLeft UIInterfaceOrientationLandscapeRight";
				LD_RUNPATH_SEARCH_PATHS = (
					"$(inherited)",
					"@executable_path/Frameworks",
				);
				MARKETING_VERSION = 1.0;
				PRODUCT_BUNDLE_IDENTIFIER = "com.cansuaktas.Quiz-App";
				PRODUCT_NAME = "$(TARGET_NAME)";
				SWIFT_EMIT_LOC_STRINGS = YES;
				SWIFT_VERSION = 5.0;
				TARGETED_DEVICE_FAMILY = "1,2";
			};
			name = Release;
		};
/* End XCBuildConfiguration section */

/* Begin XCConfigurationList section */
		87ABD2912A866512001A4E9E /* Build configuration list for PBXProject "Quiz App" */ = {
			isa = XCConfigurationList;
			buildConfigurations = (
				87ABD2A82A866513001A4E9E /* Debug */,
				87ABD2A92A866513001A4E9E /* Release */,
			);
			defaultConfigurationIsVisible = 0;
			defaultConfigurationName = Release;
		};
		87ABD2AA2A866513001A4E9E /* Build configuration list for PBXNativeTarget "Quiz App" */ = {
			isa = XCConfigurationList;
			buildConfigurations = (
				87ABD2AB2A866513001A4E9E /* Debug */,
				87ABD2AC2A866513001A4E9E /* Release */,
			);
			defaultConfigurationIsVisible = 0;
			defaultConfigurationName = Release;
		};
/* End XCConfigurationList section */
	};
	rootObject = 87ABD28E2A866512001A4E9E /* Project object */;
}
